// !$*UTF8*$!
{
	archiveVersion = 1;
	classes = {
	};
	objectVersion = 46;
	objects = {

/* Begin PBXBuildFile section */
		504980B21BB27D190046A918 /* ViewControllerSwift.swift in Sources */ = {isa = PBXBuildFile; fileRef = 504980B11BB27D190046A918 /* ViewControllerSwift.swift */; };
		504980B51BB29E5B0046A918 /* DWURunLoopWorkDistribution.m in Sources */ = {isa = PBXBuildFile; fileRef = 504980B31BB29E5B0046A918 /* DWURunLoopWorkDistribution.m */; };
		506A0C7F1BAD09600084E276 /* main.m in Sources */ = {isa = PBXBuildFile; fileRef = 506A0C7E1BAD09600084E276 /* main.m */; };
		506A0C821BAD09600084E276 /* AppDelegate.m in Sources */ = {isa = PBXBuildFile; fileRef = 506A0C811BAD09600084E276 /* AppDelegate.m */; };
		506A0C851BAD09600084E276 /* ViewController.m in Sources */ = {isa = PBXBuildFile; fileRef = 506A0C841BAD09600084E276 /* ViewController.m */; };
		506A0C8A1BAD09600084E276 /* Assets.xcassets in Resources */ = {isa = PBXBuildFile; fileRef = 506A0C891BAD09600084E276 /* Assets.xcassets */; };
		506A0C951BAD717A0084E276 /* spaceship.jpg in Resources */ = {isa = PBXBuildFile; fileRef = 506A0C941BAD717A0084E276 /* spaceship.jpg */; };
/* End PBXBuildFile section */

/* Begin PBXFileReference section */
		504980B01BB27D190046A918 /* RunLoopWorkDistribution-Bridging-Header.h */ = {isa = PBXFileReference; lastKnownFileType = sourcecode.c.h; path = "RunLoopWorkDistribution-Bridging-Header.h"; sourceTree = "<group>"; };
		504980B11BB27D190046A918 /* ViewControllerSwift.swift */ = {isa = PBXFileReference; fileEncoding = 4; lastKnownFileType = sourcecode.swift; path = ViewControllerSwift.swift; sourceTree = "<group>"; };
		504980B31BB29E5B0046A918 /* DWURunLoopWorkDistribution.m */ = {isa = PBXFileReference; fileEncoding = 4; lastKnownFileType = sourcecode.c.objc; name = DWURunLoopWorkDistribution.m; path = DWURunLoopWorkDistribution/DWURunLoopWorkDistribution.m; sourceTree = "<group>"; };
		504980B41BB29E5B0046A918 /* DWURunLoopWorkDistribution.h */ = {isa = PBXFileReference; fileEncoding = 4; lastKnownFileType = sourcecode.c.h; name = DWURunLoopWorkDistribution.h; path = DWURunLoopWorkDistribution/DWURunLoopWorkDistribution.h; sourceTree = "<group>"; };
		506A0C7A1BAD09600084E276 /* RunLoopWorkDistribution.app */ = {isa = PBXFileReference; explicitFileType = wrapper.application; includeInIndex = 0; path = RunLoopWorkDistribution.app; sourceTree = BUILT_PRODUCTS_DIR; };
		506A0C7E1BAD09600084E276 /* main.m */ = {isa = PBXFileReference; lastKnownFileType = sourcecode.c.objc; path = main.m; sourceTree = "<group>"; };
		506A0C801BAD09600084E276 /* AppDelegate.h */ = {isa = PBXFileReference; lastKnownFileType = sourcecode.c.h; path = AppDelegate.h; sourceTree = "<group>"; };
		506A0C811BAD09600084E276 /* AppDelegate.m */ = {isa = PBXFileReference; lastKnownFileType = sourcecode.c.objc; path = AppDelegate.m; sourceTree = "<group>"; };
		506A0C831BAD09600084E276 /* ViewController.h */ = {isa = PBXFileReference; lastKnownFileType = sourcecode.c.h; path = ViewController.h; sourceTree = "<group>"; };
		506A0C841BAD09600084E276 /* ViewController.m */ = {isa = PBXFileReference; lastKnownFileType = sourcecode.c.objc; path = ViewController.m; sourceTree = "<group>"; };
		506A0C891BAD09600084E276 /* Assets.xcassets */ = {isa = PBXFileReference; lastKnownFileType = folder.assetcatalog; path = Assets.xcassets; sourceTree = "<group>"; };
		506A0C8E1BAD09600084E276 /* Info.plist */ = {isa = PBXFileReference; lastKnownFileType = text.plist.xml; path = Info.plist; sourceTree = "<group>"; };
		506A0C941BAD717A0084E276 /* spaceship.jpg */ = {isa = PBXFileReference; lastKnownFileType = image.jpeg; path = spaceship.jpg; sourceTree = "<group>"; };
/* End PBXFileReference section */

/* Begin PBXFrameworksBuildPhase section */
		506A0C771BAD09600084E276 /* Frameworks */ = {
			isa = PBXFrameworksBuildPhase;
			buildActionMask = 2147483647;
			files = (
			);
			runOnlyForDeploymentPostprocessing = 0;
		};
/* End PBXFrameworksBuildPhase section */

/* Begin PBXGroup section */
		506A0C711BAD09600084E276 = {
			isa = PBXGroup;
			children = (
				506A0C7C1BAD09600084E276 /* RunLoopWorkDistribution */,
				506A0C7B1BAD09600084E276 /* Products */,
			);
			sourceTree = "<group>";
		};
		506A0C7B1BAD09600084E276 /* Products */ = {
			isa = PBXGroup;
			children = (
				506A0C7A1BAD09600084E276 /* RunLoopWorkDistribution.app */,
			);
			name = Products;
			sourceTree = "<group>";
		};
		506A0C7C1BAD09600084E276 /* RunLoopWorkDistribution */ = {
			isa = PBXGroup;
			children = (
				504980B31BB29E5B0046A918 /* DWURunLoopWorkDistribution.m */,
				504980B41BB29E5B0046A918 /* DWURunLoopWorkDistribution.h */,
				506A0C941BAD717A0084E276 /* spaceship.jpg */,
				506A0C801BAD09600084E276 /* AppDelegate.h */,
				506A0C811BAD09600084E276 /* AppDelegate.m */,
				506A0C831BAD09600084E276 /* ViewController.h */,
				506A0C841BAD09600084E276 /* ViewController.m */,
				506A0C891BAD09600084E276 /* Assets.xcassets */,
				506A0C8E1BAD09600084E276 /* Info.plist */,
				506A0C7D1BAD09600084E276 /* Supporting Files */,
				504980B11BB27D190046A918 /* ViewControllerSwift.swift */,
				504980B01BB27D190046A918 /* RunLoopWorkDistribution-Bridging-Header.h */,
			);
			path = RunLoopWorkDistribution;
			sourceTree = "<group>";
		};
		506A0C7D1BAD09600084E276 /* Supporting Files */ = {
			isa = PBXGroup;
			children = (
				506A0C7E1BAD09600084E276 /* main.m */,
			);
			name = "Supporting Files";
			sourceTree = "<group>";
		};
/* End PBXGroup section */

/* Begin PBXNativeTarget section */
		506A0C791BAD09600084E276 /* RunLoopWorkDistribution */ = {
			isa = PBXNativeTarget;
			buildConfigurationList = 506A0C911BAD09600084E276 /* Build configuration list for PBXNativeTarget "RunLoopWorkDistribution" */;
			buildPhases = (
				506A0C761BAD09600084E276 /* Sources */,
				506A0C771BAD09600084E276 /* Frameworks */,
				506A0C781BAD09600084E276 /* Resources */,
			);
			buildRules = (
			);
			dependencies = (
			);
			name = RunLoopWorkDistribution;
			productName = RunLoopWorkDistribution;
			productReference = 506A0C7A1BAD09600084E276 /* RunLoopWorkDistribution.app */;
			productType = "com.apple.product-type.application";
		};
/* End PBXNativeTarget section */

/* Begin PBXProject section */
		506A0C721BAD09600084E276 /* Project object */ = {
			isa = PBXProject;
			attributes = {
				LastSwiftUpdateCheck = 0710;
				LastUpgradeCheck = 0830;
				ORGANIZATIONNAME = "Di Wu";
				TargetAttributes = {
					506A0C791BAD09600084E276 = {
						CreatedOnToolsVersion = 7.0;
						LastSwiftMigration = 0830;
					};
				};
			};
			buildConfigurationList = 506A0C751BAD09600084E276 /* Build configuration list for PBXProject "RunLoopWorkDistribution" */;
			compatibilityVersion = "Xcode 3.2";
			developmentRegion = English;
			hasScannedForEncodings = 0;
			knownRegions = (
				en,
				Base,
			);
			mainGroup = 506A0C711BAD09600084E276;
			productRefGroup = 506A0C7B1BAD09600084E276 /* Products */;
			projectDirPath = "";
			projectRoot = "";
			targets = (
				506A0C791BAD09600084E276 /* RunLoopWorkDistribution */,
			);
		};
/* End PBXProject section */

/* Begin PBXResourcesBuildPhase section */
		506A0C781BAD09600084E276 /* Resources */ = {
			isa = PBXResourcesBuildPhase;
			buildActionMask = 2147483647;
			files = (
				506A0C951BAD717A0084E276 /* spaceship.jpg in Resources */,
				506A0C8A1BAD09600084E276 /* Assets.xcassets in Resources */,
			);
			runOnlyForDeploymentPostprocessing = 0;
		};
/* End PBXResourcesBuildPhase section */

/* Begin PBXSourcesBuildPhase section */
		506A0C761BAD09600084E276 /* Sources */ = {
			isa = PBXSourcesBuildPhase;
			buildActionMask = 2147483647;
			files = (
				506A0C851BAD09600084E276 /* ViewController.m in Sources */,
				504980B51BB29E5B0046A918 /* DWURunLoopWorkDistribution.m in Sources */,
				506A0C821BAD09600084E276 /* AppDelegate.m in Sources */,
				504980B21BB27D190046A918 /* ViewControllerSwift.swift in Sources */,
				506A0C7F1BAD09600084E276 /* main.m in Sources */,
			);
			runOnlyForDeploymentPostprocessing = 0;
		};
/* End PBXSourcesBuildPhase section */

/* Begin XCBuildConfiguration section */
		506A0C8F1BAD09600084E276 /* Debug */ = {
			isa = XCBuildConfiguration;
			buildSettings = {
				ALWAYS_SEARCH_USER_PATHS = NO;
				CLANG_CXX_LANGUAGE_STANDARD = "gnu++0x";
				CLANG_CXX_LIBRARY = "libc++";
				CLANG_ENABLE_MODULES = YES;
				CLANG_ENABLE_OBJC_ARC = YES;
				CLANG_WARN_BOOL_CONVERSION = YES;
				CLANG_WARN_CONSTANT_CONVERSION = YES;
				CLANG_WARN_DIRECT_OBJC_ISA_USAGE = YES_ERROR;
				CLANG_WARN_EMPTY_BODY = YES;
				CLANG_WARN_ENUM_CONVERSION = YES;
				CLANG_WARN_INFINITE_RECURSION = YES;
				CLANG_WARN_INT_CONVERSION = YES;
				CLANG_WARN_OBJC_ROOT_CLASS = YES_ERROR;
				CLANG_WARN_SUSPICIOUS_MOVE = YES;
				CLANG_WARN_UNREACHABLE_CODE = YES;
				CLANG_WARN__DUPLICATE_METHOD_MATCH = YES;
				"CODE_SIGN_IDENTITY[sdk=iphoneos*]" = "iPhone Developer";
				COPY_PHASE_STRIP = NO;
				DEBUG_INFORMATION_FORMAT = dwarf;
				ENABLE_STRICT_OBJC_MSGSEND = YES;
				ENABLE_TESTABILITY = YES;
				GCC_C_LANGUAGE_STANDARD = gnu99;
				GCC_DYNAMIC_NO_PIC = NO;
				GCC_NO_COMMON_BLOCKS = YES;
				GCC_OPTIMIZATION_LEVEL = 0;
				GCC_PREPROCESSOR_DEFINITIONS = (
					"DEBUG=1",
					"$(inherited)",
				);
				GCC_WARN_64_TO_32_BIT_CONVERSION = YES;
				GCC_WARN_ABOUT_RETURN_TYPE = YES_ERROR;
				GCC_WARN_UNDECLARED_SELECTOR = YES;
				GCC_WARN_UNINITIALIZED_AUTOS = YES_AGGRESSIVE;
				GCC_WARN_UNUSED_FUNCTION = YES;
				GCC_WARN_UNUSED_VARIABLE = YES;
				IPHONEOS_DEPLOYMENT_TARGET = 9.0;
				MTL_ENABLE_DEBUG_INFO = YES;
				ONLY_ACTIVE_ARCH = YES;
				SDKROOT = iphoneos;
			};
			name = Debug;
		};
		506A0C901BAD09600084E276 /* Release */ = {
			isa = XCBuildConfiguration;
			buildSettings = {
				ALWAYS_SEARCH_USER_PATHS = NO;
				CLANG_CXX_LANGUAGE_STANDARD = "gnu++0x";
				CLANG_CXX_LIBRARY = "libc++";
				CLANG_ENABLE_MODULES = YES;
				CLANG_ENABLE_OBJC_ARC = YES;
				CLANG_WARN_BOOL_CONVERSION = YES;
				CLANG_WARN_CONSTANT_CONVERSION = YES;
				CLANG_WARN_DIRECT_OBJC_ISA_USAGE = YES_ERROR;
				CLANG_WARN_EMPTY_BODY = YES;
				CLANG_WARN_ENUM_CONVERSION = YES;
				CLANG_WARN_INFINITE_RECURSION = YES;
				CLANG_WARN_INT_CONVERSION = YES;
				CLANG_WARN_OBJC_ROOT_CLASS = YES_ERROR;
				CLANG_WARN_SUSPICIOUS_MOVE = YES;
				CLANG_WARN_UNREACHABLE_CODE = YES;
				CLANG_WARN__DUPLICATE_METHOD_MATCH = YES;
				"CODE_SIGN_IDENTITY[sdk=iphoneos*]" = "iPhone Developer";
				COPY_PHASE_STRIP = NO;
				DEBUG_INFORMATION_FORMAT = "dwarf-with-dsym";
				ENABLE_NS_ASSERTIONS = NO;
				ENABLE_STRICT_OBJC_MSGSEND = YES;
				GCC_C_LANGUAGE_STANDARD = gnu99;
				GCC_NO_COMMON_BLOCKS = YES;
				GCC_WARN_64_TO_32_BIT_CONVERSION = YES;
				GCC_WARN_ABOUT_RETURN_TYPE = YES_ERROR;
				GCC_WARN_UNDECLARED_SELECTOR = YES;
				GCC_WARN_UNINITIALIZED_AUTOS = YES_AGGRESSIVE;
				GCC_WARN_UNUSED_FUNCTION = YES;
				GCC_WARN_UNUSED_VARIABLE = YES;
				IPHONEOS_DEPLOYMENT_TARGET = 9.0;
				MTL_ENABLE_DEBUG_INFO = NO;
				SDKROOT = iphoneos;
				SWIFT_OPTIMIZATION_LEVEL = "-Owholemodule";
				VALIDATE_PRODUCT = YES;
			};
			name = Release;
		};
		506A0C921BAD09600084E276 /* Debug */ = {
			isa = XCBuildConfiguration;
			buildSettings = {
				ASSETCATALOG_COMPILER_APPICON_NAME = AppIcon;
				CLANG_ENABLE_MODULES = YES;
				INFOPLIST_FILE = RunLoopWorkDistribution/Info.plist;
				LD_RUNPATH_SEARCH_PATHS = "$(inherited) @executable_path/Frameworks";
				PRODUCT_BUNDLE_IDENTIFIER = com.diwu.RunLoopWorkDistribution;
				PRODUCT_NAME = "$(TARGET_NAME)";
				PROVISIONING_PROFILE = "d5792276-b132-453a-afd6-0bbf1f195dbf";
				SWIFT_OBJC_BRIDGING_HEADER = "RunLoopWorkDistribution/RunLoopWorkDistribution-Bridging-Header.h";
				SWIFT_OPTIMIZATION_LEVEL = "-Onone";
				SWIFT_VERSION = 3.0;
			};
			name = Debug;
		};
		506A0C931BAD09600084E276 /* Release */ = {
			isa = XCBuildConfiguration;
			buildSettings = {
				ASSETCATALOG_COMPILER_APPICON_NAME = AppIcon;
				CLANG_ENABLE_MODULES = YES;
				INFOPLIST_FILE = RunLoopWorkDistribution/Info.plist;
				LD_RUNPATH_SEARCH_PATHS = "$(inherited) @executable_path/Frameworks";
				PRODUCT_BUNDLE_IDENTIFIER = com.diwu.RunLoopWorkDistribution;
				PRODUCT_NAME = "$(TARGET_NAME)";
				PROVISIONING_PROFILE = "d5792276-b132-453a-afd6-0bbf1f195dbf";
				SWIFT_OBJC_BRIDGING_HEADER = "RunLoopWorkDistribution/RunLoopWorkDistribution-Bridging-Header.h";
				SWIFT_VERSION = 3.0;
			};
			name = Release;
		};
/* End XCBuildConfiguration section */

/* Begin XCConfigurationList section */
		506A0C751BAD09600084E276 /* Build configuration list for PBXProject "RunLoopWorkDistribution" */ = {
			isa = XCConfigurationList;
			buildConfigurations = (
				506A0C8F1BAD09600084E276 /* Debug */,
				506A0C901BAD09600084E276 /* Release */,
			);
			defaultConfigurationIsVisible = 0;
			defaultConfigurationName = Release;
		};
		506A0C911BAD09600084E276 /* Build configuration list for PBXNativeTarget "RunLoopWorkDistribution" */ = {
			isa = XCConfigurationList;
			buildConfigurations = (
				506A0C921BAD09600084E276 /* Debug */,
				506A0C931BAD09600084E276 /* Release */,
			);
			defaultConfigurationIsVisible = 0;
			defaultConfigurationName = Release;
		};
/* End XCConfigurationList section */
	};
	rootObject = 506A0C721BAD09600084E276 /* Project object */;
}
